
Microsoft Visual Studio Solution File, Format Version 12.00
# Visual Studio 15
VisualStudioVersion = 15.0.28307.489
MinimumVisualStudioVersion = 10.0.40219.1
Project("{FAE04EC0-301F-11D3-BF4B-00C04F79EFBC}") = "Martin_G_Praktika_Forms", "Martin_G_Praktika_Forms\Martin_G_Praktika_Forms.csproj", "{29AFBB38-A9DB-415A-9811-F1CBFDE91029}"
EndProject
Global
	GlobalSection(SolutionConfigurationPlatforms) = preSolution
		Debug|Any CPU = Debug|Any CPU
		Release|Any CPU = Release|Any CPU
	EndGlobalSection
	GlobalSection(ProjectConfigurationPlatforms) = postSolution
		{29AFBB38-A9DB-415A-9811-F1CBFDE91029}.Debug|Any CPU.ActiveCfg = Debug|Any CPU
		{29AFBB38-A9DB-415A-9811-F1CBFDE91029}.Debug|Any CPU.Build.0 = Debug|Any CPU
		{29AFBB38-A9DB-415A-9811-F1CBFDE91029}.Release|Any CPU.ActiveCfg = Release|Any CPU
		{29AFBB38-A9DB-415A-9811-F1CBFDE91029}.Release|Any CPU.Build.0 = Release|Any CPU
	EndGlobalSection
	GlobalSection(SolutionProperties) = preSolution
		HideSolutionNode = FALSE
	EndGlobalSection
	GlobalSection(ExtensibilityGlobals) = postSolution
		SolutionGuid = {48B11FF1-F17F-4F90-8C4F-49ED15E4B7B0}
	EndGlobalSection
EndGlobal
